{
  "nodes": {
    "home-manager": {
      "inputs": {
        "nixpkgs": [
          "nixpkgs"
        ]
      },
      "locked": {
        "lastModified": 1720042825,
        "narHash": "sha256-A0vrUB6x82/jvf17qPCpxaM+ulJnD8YZwH9Ci0BsAzE=",
        "owner": "nix-community",
        "repo": "home-manager",
        "rev": "e1391fb22e18a36f57e6999c7a9f966dc80ac073",
        "type": "github"
      },
      "original": {
        "owner": "nix-community",
        "ref": "release-24.05",
        "repo": "home-manager",
        "type": "github"
      }
    },
    "nixpkgs": {
      "locked": {
        "lastModified": 1722556220,
        "narHash": "sha256-rdE8YqWrzKAf44YnE7SKa0aY8G5QXjTbdlObyWHr1B4=",
        "owner": "PerchunPak",
        "repo": "nixpkgs",
        "rev": "c3f93db730186810882cba7b9b9133cdbeff7518",
        "type": "github"
      },
      "original": {
        "owner": "PerchunPak",
        "ref": "gentix",
        "repo": "nixpkgs",
        "type": "github"
      }
    },
    "nixpkgs-patch-10": {
      "flake": false,
      "locked": {
        "narHash": "sha256-qKX5vMvy0aSjL/UfUGNNYYgjBk3YTsaolgul2dkobok=",
        "type": "file",
        "url": "https://github.com/PerchunPak/nixpkgs/commit/7db00adaf855f8b004a53db5c446d5fe86a06dc5.patch"
      },
      "original": {
        "type": "file",
        "url": "https://github.com/PerchunPak/nixpkgs/commit/7db00adaf855f8b004a53db5c446d5fe86a06dc5.patch"
      }
    },
    "nixpkgs-upstream": {
      "locked": {
        "lastModified": 1722372011,
        "narHash": "sha256-B2xRiC3NEJy/82ugtareBkRqEkPGpMyjaLxaR8LBxNs=",
        "owner": "nixos",
        "repo": "nixpkgs",
        "rev": "cf05eeada35e122770c5c14add958790fcfcbef5",
        "type": "github"
      },
      "original": {
        "owner": "nixos",
        "ref": "nixos-24.05",
        "repo": "nixpkgs",
        "type": "github"
      }
    },
    "root": {
      "inputs": {
        "home-manager": "home-manager",
        "nixpkgs": "nixpkgs",
        "nixpkgs-patch-10": "nixpkgs-patch-10",
        "nixpkgs-upstream": "nixpkgs-upstream"
      }
    }
  },
  "root": "root",
  "version": 7
}
