{
  "nodes": {
    "home-manager": {
      "inputs": {
        "nixpkgs": [
          "nixpkgs"
        ]
      },
      "locked": {
        "lastModified": 1720042825,
        "narHash": "sha256-A0vrUB6x82/jvf17qPCpxaM+ulJnD8YZwH9Ci0BsAzE=",
        "owner": "nix-community",
        "repo": "home-manager",
        "rev": "e1391fb22e18a36f57e6999c7a9f966dc80ac073",
        "type": "github"
      },
      "original": {
        "owner": "nix-community",
        "ref": "release-24.05",
        "repo": "home-manager",
        "type": "github"
      }
    },
    "nixpkgs": {
      "locked": {
        "lastModified": 1722556220,
        "narHash": "sha256-aQ8C48dLP0XDh1ibHytG2B3iQtnwGNsWgBwyxurlKnU=",
        "owner": "PerchunPak",
        "repo": "nixpkgs",
        "rev": "2da1e045f3d27e736ed4df2352308919b113ef79",
        "type": "github"
      },
      "original": {
        "owner": "PerchunPak",
        "ref": "gentix",
        "repo": "nixpkgs",
        "type": "github"
      }
    },
    "nixpkgs-patch-10": {
      "flake": false,
      "locked": {
        "narHash": "sha256-xBS4dkRi8UyJVpprM523hlmNmHvtDxZXPCC+/fOU0Ks=",
        "type": "file",
        "url": "https://github.com/PerchunPak/nixpkgs/commit/a15d098f96978e46467278d99d86cacc6c4edafa.patch"
      },
      "original": {
        "type": "file",
        "url": "https://github.com/PerchunPak/nixpkgs/commit/a15d098f96978e46467278d99d86cacc6c4edafa.patch"
      }
    },
    "nixpkgs-patch-20": {
      "flake": false,
      "locked": {
        "narHash": "sha256-XAlZ8DyFGCgXasc7jrJGjwmbCpgIAIUAjghN6qzqmIw=",
        "type": "file",
        "url": "https://github.com/PerchunPak/nixpkgs/commit/7db00adaf855f8b004a53db5c446d5fe86a06dc5.patch"
      },
      "original": {
        "type": "file",
        "url": "https://github.com/PerchunPak/nixpkgs/commit/7db00adaf855f8b004a53db5c446d5fe86a06dc5.patch"
      }
    },
    "nixpkgs-upstream": {
      "locked": {
        "lastModified": 1722372011,
        "narHash": "sha256-B2xRiC3NEJy/82ugtareBkRqEkPGpMyjaLxaR8LBxNs=",
        "owner": "nixos",
        "repo": "nixpkgs",
        "rev": "cf05eeada35e122770c5c14add958790fcfcbef5",
        "type": "github"
      },
      "original": {
        "owner": "nixos",
        "ref": "nixos-24.05",
        "repo": "nixpkgs",
        "type": "github"
      }
    },
    "nypkgs": {
      "inputs": {
        "nixpkgs": [
          "nixpkgs"
        ]
      },
      "locked": {
        "lastModified": 1720792364,
        "narHash": "sha256-3AvMMvTKkvtDPlTtBZADrQaIRHjW09EO9uyEZNdHOkw=",
        "owner": "yunfachi",
        "repo": "nypkgs",
        "rev": "209a7be0d39ee9a3f5a726abddcdf79753c4f47e",
        "type": "github"
      },
      "original": {
        "owner": "yunfachi",
        "ref": "master",
        "repo": "nypkgs",
        "type": "github"
      }
    },
    "root": {
      "inputs": {
        "home-manager": "home-manager",
        "nixpkgs": "nixpkgs",
        "nixpkgs-patch-10": "nixpkgs-patch-10",
        "nixpkgs-patch-20": "nixpkgs-patch-20",
        "nixpkgs-upstream": "nixpkgs-upstream",
        "nypkgs": "nypkgs"
      }
    }
  },
  "root": "root",
  "version": 7
}
